
Microsoft Visual Studio Solution File, Format Version 12.00
# Visual Studio Version 17
VisualStudioVersion = 17.7.34031.279
MinimumVisualStudioVersion = 10.0.40219.1
Project("{FAE04EC0-301F-11D3-BF4B-00C04F79EFBC}") = "Example12_Lab06_213043;", "Example12_Lab06_213043;\Example12_Lab06_213043;.csproj", "{98C3FE1B-E290-4DDB-8F08-4FFA4768D206}"
EndProject
Global
	GlobalSection(SolutionConfigurationPlatforms) = preSolution
		Debug|Any CPU = Debug|Any CPU
		Release|Any CPU = Release|Any CPU
	EndGlobalSection
	GlobalSection(ProjectConfigurationPlatforms) = postSolution
		{98C3FE1B-E290-4DDB-8F08-4FFA4768D206}.Debug|Any CPU.ActiveCfg = Debug|Any CPU
		{98C3FE1B-E290-4DDB-8F08-4FFA4768D206}.Debug|Any CPU.Build.0 = Debug|Any CPU
		{98C3FE1B-E290-4DDB-8F08-4FFA4768D206}.Release|Any CPU.ActiveCfg = Release|Any CPU
		{98C3FE1B-E290-4DDB-8F08-4FFA4768D206}.Release|Any CPU.Build.0 = Release|Any CPU
	EndGlobalSection
	GlobalSection(SolutionProperties) = preSolution
		HideSolutionNode = FALSE
	EndGlobalSection
	GlobalSection(ExtensibilityGlobals) = postSolution
		SolutionGuid = {AC79D2FB-7D0E-40F5-B639-858A1C723DE5}
	EndGlobalSection
EndGlobal
