
Microsoft Visual Studio Solution File, Format Version 12.00
# Visual Studio Version 17
VisualStudioVersion = 17.7.34031.279
MinimumVisualStudioVersion = 10.0.40219.1
Project("{FAE04EC0-301F-11D3-BF4B-00C04F79EFBC}") = "ArrayList_Lab06_213043", "ArrayList_Lab06_213043\ArrayList_Lab06_213043.csproj", "{58FFB167-2AD6-4022-AC16-913C12BB883B}"
EndProject
Global
	GlobalSection(SolutionConfigurationPlatforms) = preSolution
		Debug|Any CPU = Debug|Any CPU
		Release|Any CPU = Release|Any CPU
	EndGlobalSection
	GlobalSection(ProjectConfigurationPlatforms) = postSolution
		{58FFB167-2AD6-4022-AC16-913C12BB883B}.Debug|Any CPU.ActiveCfg = Debug|Any CPU
		{58FFB167-2AD6-4022-AC16-913C12BB883B}.Debug|Any CPU.Build.0 = Debug|Any CPU
		{58FFB167-2AD6-4022-AC16-913C12BB883B}.Release|Any CPU.ActiveCfg = Release|Any CPU
		{58FFB167-2AD6-4022-AC16-913C12BB883B}.Release|Any CPU.Build.0 = Release|Any CPU
	EndGlobalSection
	GlobalSection(SolutionProperties) = preSolution
		HideSolutionNode = FALSE
	EndGlobalSection
	GlobalSection(ExtensibilityGlobals) = postSolution
		SolutionGuid = {8D2B0CD6-EED7-4B96-B526-7E297CE05023}
	EndGlobalSection
EndGlobal
