
Microsoft Visual Studio Solution File, Format Version 12.00
# Visual Studio Version 17
VisualStudioVersion = 17.7.34031.279
MinimumVisualStudioVersion = 10.0.40219.1
Project("{FAE04EC0-301F-11D3-BF4B-00C04F79EFBC}") = "Example04_Lab06_213043", "Example04_Lab06_213043\Example04_Lab06_213043.csproj", "{90F12A34-D343-44EB-88A6-0B564C376FBD}"
EndProject
Global
	GlobalSection(SolutionConfigurationPlatforms) = preSolution
		Debug|Any CPU = Debug|Any CPU
		Release|Any CPU = Release|Any CPU
	EndGlobalSection
	GlobalSection(ProjectConfigurationPlatforms) = postSolution
		{90F12A34-D343-44EB-88A6-0B564C376FBD}.Debug|Any CPU.ActiveCfg = Debug|Any CPU
		{90F12A34-D343-44EB-88A6-0B564C376FBD}.Debug|Any CPU.Build.0 = Debug|Any CPU
		{90F12A34-D343-44EB-88A6-0B564C376FBD}.Release|Any CPU.ActiveCfg = Release|Any CPU
		{90F12A34-D343-44EB-88A6-0B564C376FBD}.Release|Any CPU.Build.0 = Release|Any CPU
	EndGlobalSection
	GlobalSection(SolutionProperties) = preSolution
		HideSolutionNode = FALSE
	EndGlobalSection
	GlobalSection(ExtensibilityGlobals) = postSolution
		SolutionGuid = {9D6C351A-08C4-471D-930F-73351EFDAD21}
	EndGlobalSection
EndGlobal
