
Microsoft Visual Studio Solution File, Format Version 12.00
# Visual Studio Version 17
VisualStudioVersion = 17.7.34031.279
MinimumVisualStudioVersion = 10.0.40219.1
Project("{FAE04EC0-301F-11D3-BF4B-00C04F79EFBC}") = "Example10_Lab06_213043", "Example10_Lab06_213043\Example10_Lab06_213043.csproj", "{B9456AF3-3512-4F9E-BB92-7A409FD3BACD}"
EndProject
Global
	GlobalSection(SolutionConfigurationPlatforms) = preSolution
		Debug|Any CPU = Debug|Any CPU
		Release|Any CPU = Release|Any CPU
	EndGlobalSection
	GlobalSection(ProjectConfigurationPlatforms) = postSolution
		{B9456AF3-3512-4F9E-BB92-7A409FD3BACD}.Debug|Any CPU.ActiveCfg = Debug|Any CPU
		{B9456AF3-3512-4F9E-BB92-7A409FD3BACD}.Debug|Any CPU.Build.0 = Debug|Any CPU
		{B9456AF3-3512-4F9E-BB92-7A409FD3BACD}.Release|Any CPU.ActiveCfg = Release|Any CPU
		{B9456AF3-3512-4F9E-BB92-7A409FD3BACD}.Release|Any CPU.Build.0 = Release|Any CPU
	EndGlobalSection
	GlobalSection(SolutionProperties) = preSolution
		HideSolutionNode = FALSE
	EndGlobalSection
	GlobalSection(ExtensibilityGlobals) = postSolution
		SolutionGuid = {D189F0B8-0643-49FD-BC30-B2AFCC26B699}
	EndGlobalSection
EndGlobal
