
Microsoft Visual Studio Solution File, Format Version 12.00
# Visual Studio Version 17
VisualStudioVersion = 17.7.34031.279
MinimumVisualStudioVersion = 10.0.40219.1
Project("{FAE04EC0-301F-11D3-BF4B-00C04F79EFBC}") = "Example08_Lab06_213043", "Example08_Lab06_213043\Example08_Lab06_213043.csproj", "{18B31963-0FFC-4E50-B8A7-8CF599A3A228}"
EndProject
Global
	GlobalSection(SolutionConfigurationPlatforms) = preSolution
		Debug|Any CPU = Debug|Any CPU
		Release|Any CPU = Release|Any CPU
	EndGlobalSection
	GlobalSection(ProjectConfigurationPlatforms) = postSolution
		{18B31963-0FFC-4E50-B8A7-8CF599A3A228}.Debug|Any CPU.ActiveCfg = Debug|Any CPU
		{18B31963-0FFC-4E50-B8A7-8CF599A3A228}.Debug|Any CPU.Build.0 = Debug|Any CPU
		{18B31963-0FFC-4E50-B8A7-8CF599A3A228}.Release|Any CPU.ActiveCfg = Release|Any CPU
		{18B31963-0FFC-4E50-B8A7-8CF599A3A228}.Release|Any CPU.Build.0 = Release|Any CPU
	EndGlobalSection
	GlobalSection(SolutionProperties) = preSolution
		HideSolutionNode = FALSE
	EndGlobalSection
	GlobalSection(ExtensibilityGlobals) = postSolution
		SolutionGuid = {03D4E500-7388-4FD8-8AB8-09A4A5A1E64D}
	EndGlobalSection
EndGlobal
